
Microsoft Visual Studio Solution File, Format Version 12.00
# Visual Studio Version 16
VisualStudioVersion = 16.0.32602.291
MinimumVisualStudioVersion = 10.0.40219.1
Project("{FAE04EC0-301F-11D3-BF4B-00C04F79EFBC}") = "Epilation", "Epilation\Epilation.csproj", "{F1BA06B2-42BD-4147-8899-5AE3A3A8663A}"
EndProject
Project("{54435603-DBB4-11D2-8724-00A0C9A8B90C}") = "EpilationSystem", "..\..\..\Desktop\EpSetup\EpilationSystem\EpilationSystem.vdproj", "{1F231E93-760A-4707-8CFF-00A3C10E2DA8}"
EndProject
Global
	GlobalSection(SolutionConfigurationPlatforms) = preSolution
		Debug|Any CPU = Debug|Any CPU
		Release|Any CPU = Release|Any CPU
	EndGlobalSection
	GlobalSection(ProjectConfigurationPlatforms) = postSolution
		{F1BA06B2-42BD-4147-8899-5AE3A3A8663A}.Debug|Any CPU.ActiveCfg = Debug|Any CPU
		{F1BA06B2-42BD-4147-8899-5AE3A3A8663A}.Debug|Any CPU.Build.0 = Debug|Any CPU
		{F1BA06B2-42BD-4147-8899-5AE3A3A8663A}.Release|Any CPU.ActiveCfg = Release|Any CPU
		{F1BA06B2-42BD-4147-8899-5AE3A3A8663A}.Release|Any CPU.Build.0 = Release|Any CPU
		{1F231E93-760A-4707-8CFF-00A3C10E2DA8}.Debug|Any CPU.ActiveCfg = Debug
		{1F231E93-760A-4707-8CFF-00A3C10E2DA8}.Release|Any CPU.ActiveCfg = Release
	EndGlobalSection
	GlobalSection(SolutionProperties) = preSolution
		HideSolutionNode = FALSE
	EndGlobalSection
	GlobalSection(ExtensibilityGlobals) = postSolution
		SolutionGuid = {D14D54AC-386A-463B-8BD9-F5610802CCDD}
	EndGlobalSection
EndGlobal
